
Microsoft Visual Studio Solution File, Format Version 12.00
# Visual Studio Version 16
VisualStudioVersion = 16.0.29920.165
MinimumVisualStudioVersion = 10.0.40219.1
Project("{FAE04EC0-301F-11D3-BF4B-00C04F79EFBC}") = "RoleManagement", "RoleManagement\RoleManagement.csproj", "{718FE9C4-4134-4C8F-852D-0AA5694B32B8}"
EndProject
Global
	GlobalSection(SolutionConfigurationPlatforms) = preSolution
		Debug|Any CPU = Debug|Any CPU
		Release|Any CPU = Release|Any CPU
	EndGlobalSection
	GlobalSection(ProjectConfigurationPlatforms) = postSolution
		{718FE9C4-4134-4C8F-852D-0AA5694B32B8}.Debug|Any CPU.ActiveCfg = Debug|Any CPU
		{718FE9C4-4134-4C8F-852D-0AA5694B32B8}.Debug|Any CPU.Build.0 = Debug|Any CPU
		{718FE9C4-4134-4C8F-852D-0AA5694B32B8}.Release|Any CPU.ActiveCfg = Release|Any CPU
		{718FE9C4-4134-4C8F-852D-0AA5694B32B8}.Release|Any CPU.Build.0 = Release|Any CPU
	EndGlobalSection
	GlobalSection(SolutionProperties) = preSolution
		HideSolutionNode = FALSE
	EndGlobalSection
	GlobalSection(ExtensibilityGlobals) = postSolution
		SolutionGuid = {D6BF3554-E791-4CE7-9B97-9CF15F698237}
	EndGlobalSection
EndGlobal
